
Microsoft Visual Studio Solution File, Format Version 12.00
# Visual Studio Version 17
VisualStudioVersion = 17.14.36121.58
MinimumVisualStudioVersion = 10.0.40219.1
Project("{FAE04EC0-301F-11D3-BF4B-00C04F79EFBC}") = "BlazorApp-empty23.Server", "BlazorApp-empty23\Server\BlazorApp-empty23.Server.csproj", "{32C141F1-43F5-4104-9CD2-317C423806B9}"
EndProject
Project("{FAE04EC0-301F-11D3-BF4B-00C04F79EFBC}") = "BlazorApp-empty23.Client", "BlazorApp-empty23\Client\BlazorApp-empty23.Client.csproj", "{F456A538-F11A-4924-B964-00BE94E0AE6F}"
EndProject
Project("{FAE04EC0-301F-11D3-BF4B-00C04F79EFBC}") = "BlazorApp-empty23.Shared", "BlazorApp-empty23\Shared\BlazorApp-empty23.Shared.csproj", "{17E06250-CB99-43D7-8677-10FBF56A1960}"
EndProject
Project("{2150E333-8FDC-42A3-9474-1A3956D46DE8}") = "Элементы решения", "Элементы решения", "{754FC069-D67B-A9D7-50A1-8D1CA196D8F1}"
EndProject
Project("{2150E333-8FDC-42A3-9474-1A3956D46DE8}") = "Solution Items", "Solution Items", "{36D591C7-65C7-A0D1-1CBC-10CDE441BDC8}"
EndProject
Global
	GlobalSection(SolutionConfigurationPlatforms) = preSolution
		Debug|Any CPU = Debug|Any CPU
		Release|Any CPU = Release|Any CPU
	EndGlobalSection
	GlobalSection(ProjectConfigurationPlatforms) = postSolution
		{32C141F1-43F5-4104-9CD2-317C423806B9}.Debug|Any CPU.ActiveCfg = Debug|Any CPU
		{32C141F1-43F5-4104-9CD2-317C423806B9}.Debug|Any CPU.Build.0 = Debug|Any CPU
		{32C141F1-43F5-4104-9CD2-317C423806B9}.Release|Any CPU.ActiveCfg = Release|Any CPU
		{32C141F1-43F5-4104-9CD2-317C423806B9}.Release|Any CPU.Build.0 = Release|Any CPU
		{F456A538-F11A-4924-B964-00BE94E0AE6F}.Debug|Any CPU.ActiveCfg = Debug|Any CPU
		{F456A538-F11A-4924-B964-00BE94E0AE6F}.Debug|Any CPU.Build.0 = Debug|Any CPU
		{F456A538-F11A-4924-B964-00BE94E0AE6F}.Release|Any CPU.ActiveCfg = Release|Any CPU
		{F456A538-F11A-4924-B964-00BE94E0AE6F}.Release|Any CPU.Build.0 = Release|Any CPU
		{17E06250-CB99-43D7-8677-10FBF56A1960}.Debug|Any CPU.ActiveCfg = Debug|Any CPU
		{17E06250-CB99-43D7-8677-10FBF56A1960}.Debug|Any CPU.Build.0 = Debug|Any CPU
		{17E06250-CB99-43D7-8677-10FBF56A1960}.Release|Any CPU.ActiveCfg = Release|Any CPU
		{17E06250-CB99-43D7-8677-10FBF56A1960}.Release|Any CPU.Build.0 = Release|Any CPU
	EndGlobalSection
	GlobalSection(SolutionProperties) = preSolution
		HideSolutionNode = FALSE
	EndGlobalSection
	GlobalSection(ExtensibilityGlobals) = postSolution
		SolutionGuid = {E71FB548-A2A6-4EDB-A7B8-A80ECFC6BD8F}
	EndGlobalSection
EndGlobal
